// !$*UTF8*$!
{
	archiveVersion = 1;
	classes = {
	};
	objectVersion = 46;
	objects = {

/* Begin PBXBuildFile section */
		0C1FE2851C57B3C1003434E3 /* main.m in Sources */ = {isa = PBXBuildFile; fileRef = 0C1FE2841C57B3C1003434E3 /* main.m */; };
		0C1FE2881C57B3C1003434E3 /* AppDelegate.m in Sources */ = {isa = PBXBuildFile; fileRef = 0C1FE2871C57B3C1003434E3 /* AppDelegate.m */; };
		0C1FE28B1C57B3C1003434E3 /* ViewController.m in Sources */ = {isa = PBXBuildFile; fileRef = 0C1FE28A1C57B3C1003434E3 /* ViewController.m */; };
		0C1FE28E1C57B3C1003434E3 /* Main.storyboard in Resources */ = {isa = PBXBuildFile; fileRef = 0C1FE28C1C57B3C1003434E3 /* Main.storyboard */; };
		0C1FE2901C57B3C1003434E3 /* Assets.xcassets in Resources */ = {isa = PBXBuildFile; fileRef = 0C1FE28F1C57B3C1003434E3 /* Assets.xcassets */; };
		0C1FE2931C57B3C1003434E3 /* LaunchScreen.storyboard in Resources */ = {isa = PBXBuildFile; fileRef = 0C1FE2911C57B3C1003434E3 /* LaunchScreen.storyboard */; };
		0C4F03141D3134C800A0AC15 /* NSDictionary+YUSafeAccess.m in Sources */ = {isa = PBXBuildFile; fileRef = 0C4F03131D3134C800A0AC15 /* NSDictionary+YUSafeAccess.m */; };
		0C56F3301D2D5805007D0C83 /* NSArray+YUFormatNSLog.m in Sources */ = {isa = PBXBuildFile; fileRef = 0C56F32F1D2D5805007D0C83 /* NSArray+YUFormatNSLog.m */; };
		0C56F3341D2D5844007D0C83 /* NSDictionary+YUFormatNSLog.m in Sources */ = {isa = PBXBuildFile; fileRef = 0C56F3331D2D5844007D0C83 /* NSDictionary+YUFormatNSLog.m */; };
		0C56F3371D2D5B51007D0C83 /* NSArray+YUSerialization.m in Sources */ = {isa = PBXBuildFile; fileRef = 0C56F3361D2D5B51007D0C83 /* NSArray+YUSerialization.m */; };
		0C56F33A1D2D5C20007D0C83 /* NSDictionary+YUSerialization.m in Sources */ = {isa = PBXBuildFile; fileRef = 0C56F3391D2D5C20007D0C83 /* NSDictionary+YUSerialization.m */; };
		0C56F33E1D2D5CDC007D0C83 /* UILabel+YUTextSize.m in Sources */ = {isa = PBXBuildFile; fileRef = 0C56F33D1D2D5CDC007D0C83 /* UILabel+YUTextSize.m */; };
		0C56F3421D2D5E84007D0C83 /* NSAttributedString+YUTextSize.m in Sources */ = {isa = PBXBuildFile; fileRef = 0C56F3411D2D5E84007D0C83 /* NSAttributedString+YUTextSize.m */; };
		0C56F3491D2D612D007D0C83 /* UIImage+YUResize.m in Sources */ = {isa = PBXBuildFile; fileRef = 0C56F3481D2D612D007D0C83 /* UIImage+YUResize.m */; };
		0C56F3501D2D66AD007D0C83 /* NSObject+YUFileDelete.m in Sources */ = {isa = PBXBuildFile; fileRef = 0C56F34F1D2D66AD007D0C83 /* NSObject+YUFileDelete.m */; };
		0C56F3531D2D6978007D0C83 /* NSString+YUSize.m in Sources */ = {isa = PBXBuildFile; fileRef = 0C56F3521D2D6978007D0C83 /* NSString+YUSize.m */; };
		0C56F3561D2D6A75007D0C83 /* NSString+YUBase.m in Sources */ = {isa = PBXBuildFile; fileRef = 0C56F3551D2D6A75007D0C83 /* NSString+YUBase.m */; };
		0C56F3591D2D6B67007D0C83 /* NSString+YUSerialization.m in Sources */ = {isa = PBXBuildFile; fileRef = 0C56F3581D2D6B67007D0C83 /* NSString+YUSerialization.m */; };
		0C56F35C1D2D6D31007D0C83 /* NSString+YUHash.m in Sources */ = {isa = PBXBuildFile; fileRef = 0C56F35B1D2D6D31007D0C83 /* NSString+YUHash.m */; };
		0C56F35F1D2D6FCC007D0C83 /* NSString+YUAppendPath.m in Sources */ = {isa = PBXBuildFile; fileRef = 0C56F35E1D2D6FCC007D0C83 /* NSString+YUAppendPath.m */; };
		0C56F3621D2D70DA007D0C83 /* NSString+YUTimeFormat.m in Sources */ = {isa = PBXBuildFile; fileRef = 0C56F3611D2D70DA007D0C83 /* NSString+YUTimeFormat.m */; };
		0C56F3651D2D7210007D0C83 /* NSString+YUOther.m in Sources */ = {isa = PBXBuildFile; fileRef = 0C56F3641D2D7210007D0C83 /* NSString+YUOther.m */; };
		0C56F36B1D2D7348007D0C83 /* NSString+YUMatch.m in Sources */ = {isa = PBXBuildFile; fileRef = 0C56F36A1D2D7347007D0C83 /* NSString+YUMatch.m */; };
		0C56F36E1D2D7551007D0C83 /* NSString+YUEmpty.m in Sources */ = {isa = PBXBuildFile; fileRef = 0C56F36D1D2D7551007D0C83 /* NSString+YUEmpty.m */; };
		6A8694601C58CA3700442B7C /* CoreGraphics.framework in Frameworks */ = {isa = PBXBuildFile; fileRef = 6A86945F1C58CA3700442B7C /* CoreGraphics.framework */; };
		6A963C2C1D38D50300DB3935 /* UIImage+YUCompress.m in Sources */ = {isa = PBXBuildFile; fileRef = 6A963C2B1D38D50300DB3935 /* UIImage+YUCompress.m */; };
		6AAA01291D2CF64D00A43696 /* NSString+YURegEx.m in Sources */ = {isa = PBXBuildFile; fileRef = 6AAA01281D2CF64D00A43696 /* NSString+YURegEx.m */; };
		6AAA012F1D2D0BC000A43696 /* UIView+YUFrame.m in Sources */ = {isa = PBXBuildFile; fileRef = 6AAA012E1D2D0BC000A43696 /* UIView+YUFrame.m */; };
		6AF199991D31034200FC6C6D /* NSDate+YUFormat.m in Sources */ = {isa = PBXBuildFile; fileRef = 6AF199981D31034200FC6C6D /* NSDate+YUFormat.m */; };
		6AF1999C1D31046500FC6C6D /* NSDate+YUJudge.m in Sources */ = {isa = PBXBuildFile; fileRef = 6AF1999B1D31046500FC6C6D /* NSDate+YUJudge.m */; };
		6AF1999F1D3104AB00FC6C6D /* NSDate+YUOther.m in Sources */ = {isa = PBXBuildFile; fileRef = 6AF1999E1D3104AB00FC6C6D /* NSDate+YUOther.m */; };
		6AF199A31D31056300FC6C6D /* UIBarButtonItem+YUCustom.m in Sources */ = {isa = PBXBuildFile; fileRef = 6AF199A21D31056300FC6C6D /* UIBarButtonItem+YUCustom.m */; };
/* End PBXBuildFile section */

/* Begin PBXFileReference section */
		0C1FE2801C57B3C1003434E3 /* YUCategoryDemo.app */ = {isa = PBXFileReference; explicitFileType = wrapper.application; includeInIndex = 0; path = YUCategoryDemo.app; sourceTree = BUILT_PRODUCTS_DIR; };
		0C1FE2841C57B3C1003434E3 /* main.m */ = {isa = PBXFileReference; lastKnownFileType = sourcecode.c.objc; path = main.m; sourceTree = "<group>"; };
		0C1FE2861C57B3C1003434E3 /* AppDelegate.h */ = {isa = PBXFileReference; lastKnownFileType = sourcecode.c.h; path = AppDelegate.h; sourceTree = "<group>"; };
		0C1FE2871C57B3C1003434E3 /* AppDelegate.m */ = {isa = PBXFileReference; lastKnownFileType = sourcecode.c.objc; path = AppDelegate.m; sourceTree = "<group>"; };
		0C1FE2891C57B3C1003434E3 /* ViewController.h */ = {isa = PBXFileReference; lastKnownFileType = sourcecode.c.h; path = ViewController.h; sourceTree = "<group>"; };
		0C1FE28A1C57B3C1003434E3 /* ViewController.m */ = {isa = PBXFileReference; lastKnownFileType = sourcecode.c.objc; path = ViewController.m; sourceTree = "<group>"; };
		0C1FE28D1C57B3C1003434E3 /* Base */ = {isa = PBXFileReference; lastKnownFileType = file.storyboard; name = Base; path = Base.lproj/Main.storyboard; sourceTree = "<group>"; };
		0C1FE28F1C57B3C1003434E3 /* Assets.xcassets */ = {isa = PBXFileReference; lastKnownFileType = folder.assetcatalog; path = Assets.xcassets; sourceTree = "<group>"; };
		0C1FE2921C57B3C1003434E3 /* Base */ = {isa = PBXFileReference; lastKnownFileType = file.storyboard; name = Base; path = Base.lproj/LaunchScreen.storyboard; sourceTree = "<group>"; };
		0C1FE2941C57B3C1003434E3 /* Info.plist */ = {isa = PBXFileReference; lastKnownFileType = text.plist.xml; path = Info.plist; sourceTree = "<group>"; };
		0C4EB7C81C57B44C00009C29 /* YUCategory.h */ = {isa = PBXFileReference; fileEncoding = 4; lastKnownFileType = sourcecode.c.h; path = YUCategory.h; sourceTree = "<group>"; };
		0C4F03121D3134C800A0AC15 /* NSDictionary+YUSafeAccess.h */ = {isa = PBXFileReference; fileEncoding = 4; lastKnownFileType = sourcecode.c.h; path = "NSDictionary+YUSafeAccess.h"; sourceTree = "<group>"; };
		0C4F03131D3134C800A0AC15 /* NSDictionary+YUSafeAccess.m */ = {isa = PBXFileReference; fileEncoding = 4; lastKnownFileType = sourcecode.c.objc; path = "NSDictionary+YUSafeAccess.m"; sourceTree = "<group>"; };
		0C56F32E1D2D5805007D0C83 /* NSArray+YUFormatNSLog.h */ = {isa = PBXFileReference; fileEncoding = 4; lastKnownFileType = sourcecode.c.h; path = "NSArray+YUFormatNSLog.h"; sourceTree = "<group>"; };
		0C56F32F1D2D5805007D0C83 /* NSArray+YUFormatNSLog.m */ = {isa = PBXFileReference; fileEncoding = 4; lastKnownFileType = sourcecode.c.objc; path = "NSArray+YUFormatNSLog.m"; sourceTree = "<group>"; };
		0C56F3321D2D5844007D0C83 /* NSDictionary+YUFormatNSLog.h */ = {isa = PBXFileReference; fileEncoding = 4; lastKnownFileType = sourcecode.c.h; path = "NSDictionary+YUFormatNSLog.h"; sourceTree = "<group>"; };
		0C56F3331D2D5844007D0C83 /* NSDictionary+YUFormatNSLog.m */ = {isa = PBXFileReference; fileEncoding = 4; lastKnownFileType = sourcecode.c.objc; path = "NSDictionary+YUFormatNSLog.m"; sourceTree = "<group>"; };
		0C56F3351D2D5B51007D0C83 /* NSArray+YUSerialization.h */ = {isa = PBXFileReference; fileEncoding = 4; lastKnownFileType = sourcecode.c.h; path = "NSArray+YUSerialization.h"; sourceTree = "<group>"; };
		0C56F3361D2D5B51007D0C83 /* NSArray+YUSerialization.m */ = {isa = PBXFileReference; fileEncoding = 4; lastKnownFileType = sourcecode.c.objc; path = "NSArray+YUSerialization.m"; sourceTree = "<group>"; };
		0C56F3381D2D5C20007D0C83 /* NSDictionary+YUSerialization.h */ = {isa = PBXFileReference; fileEncoding = 4; lastKnownFileType = sourcecode.c.h; path = "NSDictionary+YUSerialization.h"; sourceTree = "<group>"; };
		0C56F3391D2D5C20007D0C83 /* NSDictionary+YUSerialization.m */ = {isa = PBXFileReference; fileEncoding = 4; lastKnownFileType = sourcecode.c.objc; path = "NSDictionary+YUSerialization.m"; sourceTree = "<group>"; };
		0C56F33C1D2D5CDC007D0C83 /* UILabel+YUTextSize.h */ = {isa = PBXFileReference; fileEncoding = 4; lastKnownFileType = sourcecode.c.h; path = "UILabel+YUTextSize.h"; sourceTree = "<group>"; };
		0C56F33D1D2D5CDC007D0C83 /* UILabel+YUTextSize.m */ = {isa = PBXFileReference; fileEncoding = 4; lastKnownFileType = sourcecode.c.objc; path = "UILabel+YUTextSize.m"; sourceTree = "<group>"; };
		0C56F3401D2D5E84007D0C83 /* NSAttributedString+YUTextSize.h */ = {isa = PBXFileReference; fileEncoding = 4; lastKnownFileType = sourcecode.c.h; path = "NSAttributedString+YUTextSize.h"; sourceTree = "<group>"; };
		0C56F3411D2D5E84007D0C83 /* NSAttributedString+YUTextSize.m */ = {isa = PBXFileReference; fileEncoding = 4; lastKnownFileType = sourcecode.c.objc; path = "NSAttributedString+YUTextSize.m"; sourceTree = "<group>"; };
		0C56F3471D2D612D007D0C83 /* UIImage+YUResize.h */ = {isa = PBXFileReference; fileEncoding = 4; lastKnownFileType = sourcecode.c.h; path = "UIImage+YUResize.h"; sourceTree = "<group>"; };
		0C56F3481D2D612D007D0C83 /* UIImage+YUResize.m */ = {isa = PBXFileReference; fileEncoding = 4; lastKnownFileType = sourcecode.c.objc; path = "UIImage+YUResize.m"; sourceTree = "<group>"; };
		0C56F34E1D2D66AD007D0C83 /* NSObject+YUFileDelete.h */ = {isa = PBXFileReference; fileEncoding = 4; lastKnownFileType = sourcecode.c.h; path = "NSObject+YUFileDelete.h"; sourceTree = "<group>"; };
		0C56F34F1D2D66AD007D0C83 /* NSObject+YUFileDelete.m */ = {isa = PBXFileReference; fileEncoding = 4; lastKnownFileType = sourcecode.c.objc; path = "NSObject+YUFileDelete.m"; sourceTree = "<group>"; };
		0C56F3511D2D6978007D0C83 /* NSString+YUSize.h */ = {isa = PBXFileReference; fileEncoding = 4; lastKnownFileType = sourcecode.c.h; path = "NSString+YUSize.h"; sourceTree = "<group>"; };
		0C56F3521D2D6978007D0C83 /* NSString+YUSize.m */ = {isa = PBXFileReference; fileEncoding = 4; lastKnownFileType = sourcecode.c.objc; path = "NSString+YUSize.m"; sourceTree = "<group>"; };
		0C56F3541D2D6A75007D0C83 /* NSString+YUBase.h */ = {isa = PBXFileReference; fileEncoding = 4; lastKnownFileType = sourcecode.c.h; path = "NSString+YUBase.h"; sourceTree = "<group>"; };
		0C56F3551D2D6A75007D0C83 /* NSString+YUBase.m */ = {isa = PBXFileReference; fileEncoding = 4; lastKnownFileType = sourcecode.c.objc; path = "NSString+YUBase.m"; sourceTree = "<group>"; };
		0C56F3571D2D6B67007D0C83 /* NSString+YUSerialization.h */ = {isa = PBXFileReference; fileEncoding = 4; lastKnownFileType = sourcecode.c.h; path = "NSString+YUSerialization.h"; sourceTree = "<group>"; };
		0C56F3581D2D6B67007D0C83 /* NSString+YUSerialization.m */ = {isa = PBXFileReference; fileEncoding = 4; lastKnownFileType = sourcecode.c.objc; path = "NSString+YUSerialization.m"; sourceTree = "<group>"; };
		0C56F35A1D2D6D31007D0C83 /* NSString+YUHash.h */ = {isa = PBXFileReference; fileEncoding = 4; lastKnownFileType = sourcecode.c.h; path = "NSString+YUHash.h"; sourceTree = "<group>"; };
		0C56F35B1D2D6D31007D0C83 /* NSString+YUHash.m */ = {isa = PBXFileReference; fileEncoding = 4; lastKnownFileType = sourcecode.c.objc; path = "NSString+YUHash.m"; sourceTree = "<group>"; };
		0C56F35D1D2D6FCC007D0C83 /* NSString+YUAppendPath.h */ = {isa = PBXFileReference; fileEncoding = 4; lastKnownFileType = sourcecode.c.h; path = "NSString+YUAppendPath.h"; sourceTree = "<group>"; };
		0C56F35E1D2D6FCC007D0C83 /* NSString+YUAppendPath.m */ = {isa = PBXFileReference; fileEncoding = 4; lastKnownFileType = sourcecode.c.objc; path = "NSString+YUAppendPath.m"; sourceTree = "<group>"; };
		0C56F3601D2D70DA007D0C83 /* NSString+YUTimeFormat.h */ = {isa = PBXFileReference; fileEncoding = 4; lastKnownFileType = sourcecode.c.h; path = "NSString+YUTimeFormat.h"; sourceTree = "<group>"; };
		0C56F3611D2D70DA007D0C83 /* NSString+YUTimeFormat.m */ = {isa = PBXFileReference; fileEncoding = 4; lastKnownFileType = sourcecode.c.objc; path = "NSString+YUTimeFormat.m"; sourceTree = "<group>"; };
		0C56F3631D2D7210007D0C83 /* NSString+YUOther.h */ = {isa = PBXFileReference; fileEncoding = 4; lastKnownFileType = sourcecode.c.h; path = "NSString+YUOther.h"; sourceTree = "<group>"; };
		0C56F3641D2D7210007D0C83 /* NSString+YUOther.m */ = {isa = PBXFileReference; fileEncoding = 4; lastKnownFileType = sourcecode.c.objc; path = "NSString+YUOther.m"; sourceTree = "<group>"; };
		0C56F3691D2D7347007D0C83 /* NSString+YUMatch.h */ = {isa = PBXFileReference; fileEncoding = 4; lastKnownFileType = sourcecode.c.h; path = "NSString+YUMatch.h"; sourceTree = "<group>"; };
		0C56F36A1D2D7347007D0C83 /* NSString+YUMatch.m */ = {isa = PBXFileReference; fileEncoding = 4; lastKnownFileType = sourcecode.c.objc; path = "NSString+YUMatch.m"; sourceTree = "<group>"; };
		0C56F36C1D2D7551007D0C83 /* NSString+YUEmpty.h */ = {isa = PBXFileReference; fileEncoding = 4; lastKnownFileType = sourcecode.c.h; path = "NSString+YUEmpty.h"; sourceTree = "<group>"; };
		0C56F36D1D2D7551007D0C83 /* NSString+YUEmpty.m */ = {isa = PBXFileReference; fileEncoding = 4; lastKnownFileType = sourcecode.c.objc; path = "NSString+YUEmpty.m"; sourceTree = "<group>"; };
		6A2695641D2E1E8700F787D5 /* YUFoundation.h */ = {isa = PBXFileReference; fileEncoding = 4; lastKnownFileType = sourcecode.c.h; path = YUFoundation.h; sourceTree = "<group>"; };
		6A86945F1C58CA3700442B7C /* CoreGraphics.framework */ = {isa = PBXFileReference; lastKnownFileType = wrapper.framework; name = CoreGraphics.framework; path = System/Library/Frameworks/CoreGraphics.framework; sourceTree = SDKROOT; };
		6A963C2A1D38D50300DB3935 /* UIImage+YUCompress.h */ = {isa = PBXFileReference; fileEncoding = 4; lastKnownFileType = sourcecode.c.h; path = "UIImage+YUCompress.h"; sourceTree = "<group>"; };
		6A963C2B1D38D50300DB3935 /* UIImage+YUCompress.m */ = {isa = PBXFileReference; fileEncoding = 4; lastKnownFileType = sourcecode.c.objc; path = "UIImage+YUCompress.m"; sourceTree = "<group>"; };
		6AAA01271D2CF64D00A43696 /* NSString+YURegEx.h */ = {isa = PBXFileReference; fileEncoding = 4; lastKnownFileType = sourcecode.c.h; path = "NSString+YURegEx.h"; sourceTree = "<group>"; };
		6AAA01281D2CF64D00A43696 /* NSString+YURegEx.m */ = {isa = PBXFileReference; fileEncoding = 4; lastKnownFileType = sourcecode.c.objc; path = "NSString+YURegEx.m"; sourceTree = "<group>"; };
		6AAA012D1D2D0BC000A43696 /* UIView+YUFrame.h */ = {isa = PBXFileReference; fileEncoding = 4; lastKnownFileType = sourcecode.c.h; path = "UIView+YUFrame.h"; sourceTree = "<group>"; };
		6AAA012E1D2D0BC000A43696 /* UIView+YUFrame.m */ = {isa = PBXFileReference; fileEncoding = 4; lastKnownFileType = sourcecode.c.objc; path = "UIView+YUFrame.m"; sourceTree = "<group>"; };
		6AAA01301D2D0C9700A43696 /* YUUIKit.h */ = {isa = PBXFileReference; lastKnownFileType = sourcecode.c.h; path = YUUIKit.h; sourceTree = "<group>"; };
		6AF199971D31034200FC6C6D /* NSDate+YUFormat.h */ = {isa = PBXFileReference; fileEncoding = 4; lastKnownFileType = sourcecode.c.h; path = "NSDate+YUFormat.h"; sourceTree = "<group>"; };
		6AF199981D31034200FC6C6D /* NSDate+YUFormat.m */ = {isa = PBXFileReference; fileEncoding = 4; lastKnownFileType = sourcecode.c.objc; path = "NSDate+YUFormat.m"; sourceTree = "<group>"; };
		6AF1999A1D31046500FC6C6D /* NSDate+YUJudge.h */ = {isa = PBXFileReference; fileEncoding = 4; lastKnownFileType = sourcecode.c.h; path = "NSDate+YUJudge.h"; sourceTree = "<group>"; };
		6AF1999B1D31046500FC6C6D /* NSDate+YUJudge.m */ = {isa = PBXFileReference; fileEncoding = 4; lastKnownFileType = sourcecode.c.objc; path = "NSDate+YUJudge.m"; sourceTree = "<group>"; };
		6AF1999D1D3104AB00FC6C6D /* NSDate+YUOther.h */ = {isa = PBXFileReference; fileEncoding = 4; lastKnownFileType = sourcecode.c.h; path = "NSDate+YUOther.h"; sourceTree = "<group>"; };
		6AF1999E1D3104AB00FC6C6D /* NSDate+YUOther.m */ = {isa = PBXFileReference; fileEncoding = 4; lastKnownFileType = sourcecode.c.objc; path = "NSDate+YUOther.m"; sourceTree = "<group>"; };
		6AF199A11D31056300FC6C6D /* UIBarButtonItem+YUCustom.h */ = {isa = PBXFileReference; fileEncoding = 4; lastKnownFileType = sourcecode.c.h; path = "UIBarButtonItem+YUCustom.h"; sourceTree = "<group>"; };
		6AF199A21D31056300FC6C6D /* UIBarButtonItem+YUCustom.m */ = {isa = PBXFileReference; fileEncoding = 4; lastKnownFileType = sourcecode.c.objc; path = "UIBarButtonItem+YUCustom.m"; sourceTree = "<group>"; };
/* End PBXFileReference section */

/* Begin PBXFrameworksBuildPhase section */
		0C1FE27D1C57B3C1003434E3 /* Frameworks */ = {
			isa = PBXFrameworksBuildPhase;
			buildActionMask = 2147483647;
			files = (
				6A8694601C58CA3700442B7C /* CoreGraphics.framework in Frameworks */,
			);
			runOnlyForDeploymentPostprocessing = 0;
		};
/* End PBXFrameworksBuildPhase section */

/* Begin PBXGroup section */
		0C1FE2771C57B3C1003434E3 = {
			isa = PBXGroup;
			children = (
				6A86945F1C58CA3700442B7C /* CoreGraphics.framework */,
				0C1FE2821C57B3C1003434E3 /* YUCategoryDemo */,
				0C1FE2811C57B3C1003434E3 /* Products */,
			);
			sourceTree = "<group>";
		};
		0C1FE2811C57B3C1003434E3 /* Products */ = {
			isa = PBXGroup;
			children = (
				0C1FE2801C57B3C1003434E3 /* YUCategoryDemo.app */,
			);
			name = Products;
			sourceTree = "<group>";
		};
		0C1FE2821C57B3C1003434E3 /* YUCategoryDemo */ = {
			isa = PBXGroup;
			children = (
				0C4EB7B51C57B44C00009C29 /* YUCategory */,
				0C1FE2861C57B3C1003434E3 /* AppDelegate.h */,
				0C1FE2871C57B3C1003434E3 /* AppDelegate.m */,
				0C1FE2891C57B3C1003434E3 /* ViewController.h */,
				0C1FE28A1C57B3C1003434E3 /* ViewController.m */,
				0C1FE28C1C57B3C1003434E3 /* Main.storyboard */,
				0C1FE28F1C57B3C1003434E3 /* Assets.xcassets */,
				0C1FE2911C57B3C1003434E3 /* LaunchScreen.storyboard */,
				0C1FE2941C57B3C1003434E3 /* Info.plist */,
				0C1FE2831C57B3C1003434E3 /* Supporting Files */,
			);
			path = YUCategoryDemo;
			sourceTree = "<group>";
		};
		0C1FE2831C57B3C1003434E3 /* Supporting Files */ = {
			isa = PBXGroup;
			children = (
				0C1FE2841C57B3C1003434E3 /* main.m */,
			);
			name = "Supporting Files";
			sourceTree = "<group>";
		};
		0C4EB7B51C57B44C00009C29 /* YUCategory */ = {
			isa = PBXGroup;
			children = (
				6AAA012B1D2D0BAC00A43696 /* UIKit */,
				6AAA01251D2CF5F600A43696 /* Foundation */,
				0C4EB7C81C57B44C00009C29 /* YUCategory.h */,
				6A2695641D2E1E8700F787D5 /* YUFoundation.h */,
				6AAA01301D2D0C9700A43696 /* YUUIKit.h */,
			);
			path = YUCategory;
			sourceTree = SOURCE_ROOT;
		};
		0C56F32A1D2D5757007D0C83 /* NSArray */ = {
			isa = PBXGroup;
			children = (
				0C56F32E1D2D5805007D0C83 /* NSArray+YUFormatNSLog.h */,
				0C56F32F1D2D5805007D0C83 /* NSArray+YUFormatNSLog.m */,
				0C56F3351D2D5B51007D0C83 /* NSArray+YUSerialization.h */,
				0C56F3361D2D5B51007D0C83 /* NSArray+YUSerialization.m */,
			);
			path = NSArray;
			sourceTree = "<group>";
		};
		0C56F3311D2D5828007D0C83 /* NSDictionary */ = {
			isa = PBXGroup;
			children = (
				0C56F3321D2D5844007D0C83 /* NSDictionary+YUFormatNSLog.h */,
				0C56F3331D2D5844007D0C83 /* NSDictionary+YUFormatNSLog.m */,
				0C56F3381D2D5C20007D0C83 /* NSDictionary+YUSerialization.h */,
				0C56F3391D2D5C20007D0C83 /* NSDictionary+YUSerialization.m */,
				0C4F03121D3134C800A0AC15 /* NSDictionary+YUSafeAccess.h */,
				0C4F03131D3134C800A0AC15 /* NSDictionary+YUSafeAccess.m */,
			);
			path = NSDictionary;
			sourceTree = "<group>";
		};
		0C56F33B1D2D5CC4007D0C83 /* UILabel */ = {
			isa = PBXGroup;
			children = (
				0C56F33C1D2D5CDC007D0C83 /* UILabel+YUTextSize.h */,
				0C56F33D1D2D5CDC007D0C83 /* UILabel+YUTextSize.m */,
			);
			path = UILabel;
			sourceTree = "<group>";
		};
		0C56F33F1D2D5E6C007D0C83 /* NSAttributedString */ = {
			isa = PBXGroup;
			children = (
				0C56F3401D2D5E84007D0C83 /* NSAttributedString+YUTextSize.h */,
				0C56F3411D2D5E84007D0C83 /* NSAttributedString+YUTextSize.m */,
			);
			path = NSAttributedString;
			sourceTree = "<group>";
		};
		0C56F3431D2D60F3007D0C83 /* UIImage */ = {
			isa = PBXGroup;
			children = (
				6A963C2A1D38D50300DB3935 /* UIImage+YUCompress.h */,
				6A963C2B1D38D50300DB3935 /* UIImage+YUCompress.m */,
				0C56F3471D2D612D007D0C83 /* UIImage+YUResize.h */,
				0C56F3481D2D612D007D0C83 /* UIImage+YUResize.m */,
			);
			path = UIImage;
			sourceTree = "<group>";
		};
		0C56F34D1D2D6690007D0C83 /* NSObject */ = {
			isa = PBXGroup;
			children = (
				0C56F34E1D2D66AD007D0C83 /* NSObject+YUFileDelete.h */,
				0C56F34F1D2D66AD007D0C83 /* NSObject+YUFileDelete.m */,
			);
			path = NSObject;
			sourceTree = "<group>";
		};
		6AAA01251D2CF5F600A43696 /* Foundation */ = {
			isa = PBXGroup;
			children = (
				6AF199961D31032900FC6C6D /* NSDate */,
				0C56F34D1D2D6690007D0C83 /* NSObject */,
				0C56F33F1D2D5E6C007D0C83 /* NSAttributedString */,
				0C56F3311D2D5828007D0C83 /* NSDictionary */,
				0C56F32A1D2D5757007D0C83 /* NSArray */,
				6AAA01261D2CF61400A43696 /* NSString */,
			);
			path = Foundation;
			sourceTree = "<group>";
		};
		6AAA01261D2CF61400A43696 /* NSString */ = {
			isa = PBXGroup;
			children = (
				6AAA01271D2CF64D00A43696 /* NSString+YURegEx.h */,
				6AAA01281D2CF64D00A43696 /* NSString+YURegEx.m */,
				0C56F3511D2D6978007D0C83 /* NSString+YUSize.h */,
				0C56F3521D2D6978007D0C83 /* NSString+YUSize.m */,
				0C56F3541D2D6A75007D0C83 /* NSString+YUBase.h */,
				0C56F3551D2D6A75007D0C83 /* NSString+YUBase.m */,
				0C56F35A1D2D6D31007D0C83 /* NSString+YUHash.h */,
				0C56F35B1D2D6D31007D0C83 /* NSString+YUHash.m */,
				0C56F3571D2D6B67007D0C83 /* NSString+YUSerialization.h */,
				0C56F3581D2D6B67007D0C83 /* NSString+YUSerialization.m */,
				0C56F35D1D2D6FCC007D0C83 /* NSString+YUAppendPath.h */,
				0C56F35E1D2D6FCC007D0C83 /* NSString+YUAppendPath.m */,
				0C56F3601D2D70DA007D0C83 /* NSString+YUTimeFormat.h */,
				0C56F3611D2D70DA007D0C83 /* NSString+YUTimeFormat.m */,
				0C56F3691D2D7347007D0C83 /* NSString+YUMatch.h */,
				0C56F36A1D2D7347007D0C83 /* NSString+YUMatch.m */,
				0C56F36C1D2D7551007D0C83 /* NSString+YUEmpty.h */,
				0C56F36D1D2D7551007D0C83 /* NSString+YUEmpty.m */,
				0C56F3631D2D7210007D0C83 /* NSString+YUOther.h */,
				0C56F3641D2D7210007D0C83 /* NSString+YUOther.m */,
			);
			path = NSString;
			sourceTree = "<group>";
		};
		6AAA012B1D2D0BAC00A43696 /* UIKit */ = {
			isa = PBXGroup;
			children = (
				6AF199A01D31055400FC6C6D /* UIBarButtonItem */,
				0C56F3431D2D60F3007D0C83 /* UIImage */,
				0C56F33B1D2D5CC4007D0C83 /* UILabel */,
				6AAA012C1D2D0BAC00A43696 /* UIView */,
			);
			path = UIKit;
			sourceTree = "<group>";
		};
		6AAA012C1D2D0BAC00A43696 /* UIView */ = {
			isa = PBXGroup;
			children = (
				6AAA012D1D2D0BC000A43696 /* UIView+YUFrame.h */,
				6AAA012E1D2D0BC000A43696 /* UIView+YUFrame.m */,
			);
			path = UIView;
			sourceTree = "<group>";
		};
		6AF199961D31032900FC6C6D /* NSDate */ = {
			isa = PBXGroup;
			children = (
				6AF199971D31034200FC6C6D /* NSDate+YUFormat.h */,
				6AF199981D31034200FC6C6D /* NSDate+YUFormat.m */,
				6AF1999A1D31046500FC6C6D /* NSDate+YUJudge.h */,
				6AF1999B1D31046500FC6C6D /* NSDate+YUJudge.m */,
				6AF1999D1D3104AB00FC6C6D /* NSDate+YUOther.h */,
				6AF1999E1D3104AB00FC6C6D /* NSDate+YUOther.m */,
			);
			path = NSDate;
			sourceTree = "<group>";
		};
		6AF199A01D31055400FC6C6D /* UIBarButtonItem */ = {
			isa = PBXGroup;
			children = (
				6AF199A11D31056300FC6C6D /* UIBarButtonItem+YUCustom.h */,
				6AF199A21D31056300FC6C6D /* UIBarButtonItem+YUCustom.m */,
			);
			path = UIBarButtonItem;
			sourceTree = "<group>";
		};
/* End PBXGroup section */

/* Begin PBXNativeTarget section */
		0C1FE27F1C57B3C1003434E3 /* YUCategoryDemo */ = {
			isa = PBXNativeTarget;
			buildConfigurationList = 0C1FE2971C57B3C1003434E3 /* Build configuration list for PBXNativeTarget "YUCategoryDemo" */;
			buildPhases = (
				0C1FE27C1C57B3C1003434E3 /* Sources */,
				0C1FE27D1C57B3C1003434E3 /* Frameworks */,
				0C1FE27E1C57B3C1003434E3 /* Resources */,
			);
			buildRules = (
			);
			dependencies = (
			);
			name = YUCategoryDemo;
			productName = YUCategoryDemo;
			productReference = 0C1FE2801C57B3C1003434E3 /* YUCategoryDemo.app */;
			productType = "com.apple.product-type.application";
		};
/* End PBXNativeTarget section */

/* Begin PBXProject section */
		0C1FE2781C57B3C1003434E3 /* Project object */ = {
			isa = PBXProject;
			attributes = {
				LastUpgradeCheck = 0720;
				ORGANIZATIONNAME = mayubo;
				TargetAttributes = {
					0C1FE27F1C57B3C1003434E3 = {
						CreatedOnToolsVersion = 7.2;
					};
				};
			};
			buildConfigurationList = 0C1FE27B1C57B3C1003434E3 /* Build configuration list for PBXProject "YUCategoryDemo" */;
			compatibilityVersion = "Xcode 3.2";
			developmentRegion = English;
			hasScannedForEncodings = 0;
			knownRegions = (
				en,
				Base,
			);
			mainGroup = 0C1FE2771C57B3C1003434E3;
			productRefGroup = 0C1FE2811C57B3C1003434E3 /* Products */;
			projectDirPath = "";
			projectRoot = "";
			targets = (
				0C1FE27F1C57B3C1003434E3 /* YUCategoryDemo */,
			);
		};
/* End PBXProject section */

/* Begin PBXResourcesBuildPhase section */
		0C1FE27E1C57B3C1003434E3 /* Resources */ = {
			isa = PBXResourcesBuildPhase;
			buildActionMask = 2147483647;
			files = (
				0C1FE2931C57B3C1003434E3 /* LaunchScreen.storyboard in Resources */,
				0C1FE2901C57B3C1003434E3 /* Assets.xcassets in Resources */,
				0C1FE28E1C57B3C1003434E3 /* Main.storyboard in Resources */,
			);
			runOnlyForDeploymentPostprocessing = 0;
		};
/* End PBXResourcesBuildPhase section */

/* Begin PBXSourcesBuildPhase section */
		0C1FE27C1C57B3C1003434E3 /* Sources */ = {
			isa = PBXSourcesBuildPhase;
			buildActionMask = 2147483647;
			files = (
				0C56F35F1D2D6FCC007D0C83 /* NSString+YUAppendPath.m in Sources */,
				6AF199991D31034200FC6C6D /* NSDate+YUFormat.m in Sources */,
				0C56F35C1D2D6D31007D0C83 /* NSString+YUHash.m in Sources */,
				0C56F3341D2D5844007D0C83 /* NSDictionary+YUFormatNSLog.m in Sources */,
				0C1FE28B1C57B3C1003434E3 /* ViewController.m in Sources */,
				0C56F3371D2D5B51007D0C83 /* NSArray+YUSerialization.m in Sources */,
				0C4F03141D3134C800A0AC15 /* NSDictionary+YUSafeAccess.m in Sources */,
				0C56F3651D2D7210007D0C83 /* NSString+YUOther.m in Sources */,
				0C56F36E1D2D7551007D0C83 /* NSString+YUEmpty.m in Sources */,
				6AF1999C1D31046500FC6C6D /* NSDate+YUJudge.m in Sources */,
				0C56F3301D2D5805007D0C83 /* NSArray+YUFormatNSLog.m in Sources */,
				0C56F3501D2D66AD007D0C83 /* NSObject+YUFileDelete.m in Sources */,
				6AF1999F1D3104AB00FC6C6D /* NSDate+YUOther.m in Sources */,
				0C56F3591D2D6B67007D0C83 /* NSString+YUSerialization.m in Sources */,
				6AAA012F1D2D0BC000A43696 /* UIView+YUFrame.m in Sources */,
				6AF199A31D31056300FC6C6D /* UIBarButtonItem+YUCustom.m in Sources */,
				0C56F3421D2D5E84007D0C83 /* NSAttributedString+YUTextSize.m in Sources */,
				0C56F3491D2D612D007D0C83 /* UIImage+YUResize.m in Sources */,
				0C56F36B1D2D7348007D0C83 /* NSString+YUMatch.m in Sources */,
				0C56F3621D2D70DA007D0C83 /* NSString+YUTimeFormat.m in Sources */,
				6AAA01291D2CF64D00A43696 /* NSString+YURegEx.m in Sources */,
				0C56F33A1D2D5C20007D0C83 /* NSDictionary+YUSerialization.m in Sources */,
				0C56F3531D2D6978007D0C83 /* NSString+YUSize.m in Sources */,
				0C56F33E1D2D5CDC007D0C83 /* UILabel+YUTextSize.m in Sources */,
				0C1FE2881C57B3C1003434E3 /* AppDelegate.m in Sources */,
				6A963C2C1D38D50300DB3935 /* UIImage+YUCompress.m in Sources */,
				0C1FE2851C57B3C1003434E3 /* main.m in Sources */,
				0C56F3561D2D6A75007D0C83 /* NSString+YUBase.m in Sources */,
			);
			runOnlyForDeploymentPostprocessing = 0;
		};
/* End PBXSourcesBuildPhase section */

/* Begin PBXVariantGroup section */
		0C1FE28C1C57B3C1003434E3 /* Main.storyboard */ = {
			isa = PBXVariantGroup;
			children = (
				0C1FE28D1C57B3C1003434E3 /* Base */,
			);
			name = Main.storyboard;
			sourceTree = "<group>";
		};
		0C1FE2911C57B3C1003434E3 /* LaunchScreen.storyboard */ = {
			isa = PBXVariantGroup;
			children = (
				0C1FE2921C57B3C1003434E3 /* Base */,
			);
			name = LaunchScreen.storyboard;
			sourceTree = "<group>";
		};
/* End PBXVariantGroup section */

/* Begin XCBuildConfiguration section */
		0C1FE2951C57B3C1003434E3 /* Debug */ = {
			isa = XCBuildConfiguration;
			buildSettings = {
				ALWAYS_SEARCH_USER_PATHS = NO;
				CLANG_CXX_LANGUAGE_STANDARD = "gnu++0x";
				CLANG_CXX_LIBRARY = "libc++";
				CLANG_ENABLE_MODULES = YES;
				CLANG_ENABLE_OBJC_ARC = YES;
				CLANG_WARN_BOOL_CONVERSION = YES;
				CLANG_WARN_CONSTANT_CONVERSION = YES;
				CLANG_WARN_DIRECT_OBJC_ISA_USAGE = YES_ERROR;
				CLANG_WARN_EMPTY_BODY = YES;
				CLANG_WARN_ENUM_CONVERSION = YES;
				CLANG_WARN_INT_CONVERSION = YES;
				CLANG_WARN_OBJC_ROOT_CLASS = YES_ERROR;
				CLANG_WARN_UNREACHABLE_CODE = YES;
				CLANG_WARN__DUPLICATE_METHOD_MATCH = YES;
				"CODE_SIGN_IDENTITY[sdk=iphoneos*]" = "iPhone Developer";
				COPY_PHASE_STRIP = NO;
				DEBUG_INFORMATION_FORMAT = dwarf;
				ENABLE_STRICT_OBJC_MSGSEND = YES;
				ENABLE_TESTABILITY = YES;
				GCC_C_LANGUAGE_STANDARD = gnu99;
				GCC_DYNAMIC_NO_PIC = NO;
				GCC_NO_COMMON_BLOCKS = YES;
				GCC_OPTIMIZATION_LEVEL = 0;
				GCC_PREPROCESSOR_DEFINITIONS = (
					"DEBUG=1",
					"$(inherited)",
				);
				GCC_WARN_64_TO_32_BIT_CONVERSION = YES;
				GCC_WARN_ABOUT_RETURN_TYPE = YES_ERROR;
				GCC_WARN_UNDECLARED_SELECTOR = YES;
				GCC_WARN_UNINITIALIZED_AUTOS = YES_AGGRESSIVE;
				GCC_WARN_UNUSED_FUNCTION = YES;
				GCC_WARN_UNUSED_VARIABLE = YES;
				IPHONEOS_DEPLOYMENT_TARGET = 9.2;
				MTL_ENABLE_DEBUG_INFO = YES;
				ONLY_ACTIVE_ARCH = YES;
				SDKROOT = iphoneos;
				TARGETED_DEVICE_FAMILY = "1,2";
			};
			name = Debug;
		};
		0C1FE2961C57B3C1003434E3 /* Release */ = {
			isa = XCBuildConfiguration;
			buildSettings = {
				ALWAYS_SEARCH_USER_PATHS = NO;
				CLANG_CXX_LANGUAGE_STANDARD = "gnu++0x";
				CLANG_CXX_LIBRARY = "libc++";
				CLANG_ENABLE_MODULES = YES;
				CLANG_ENABLE_OBJC_ARC = YES;
				CLANG_WARN_BOOL_CONVERSION = YES;
				CLANG_WARN_CONSTANT_CONVERSION = YES;
				CLANG_WARN_DIRECT_OBJC_ISA_USAGE = YES_ERROR;
				CLANG_WARN_EMPTY_BODY = YES;
				CLANG_WARN_ENUM_CONVERSION = YES;
				CLANG_WARN_INT_CONVERSION = YES;
				CLANG_WARN_OBJC_ROOT_CLASS = YES_ERROR;
				CLANG_WARN_UNREACHABLE_CODE = YES;
				CLANG_WARN__DUPLICATE_METHOD_MATCH = YES;
				"CODE_SIGN_IDENTITY[sdk=iphoneos*]" = "iPhone Developer";
				COPY_PHASE_STRIP = NO;
				DEBUG_INFORMATION_FORMAT = "dwarf-with-dsym";
				ENABLE_NS_ASSERTIONS = NO;
				ENABLE_STRICT_OBJC_MSGSEND = YES;
				GCC_C_LANGUAGE_STANDARD = gnu99;
				GCC_NO_COMMON_BLOCKS = YES;
				GCC_WARN_64_TO_32_BIT_CONVERSION = YES;
				GCC_WARN_ABOUT_RETURN_TYPE = YES_ERROR;
				GCC_WARN_UNDECLARED_SELECTOR = YES;
				GCC_WARN_UNINITIALIZED_AUTOS = YES_AGGRESSIVE;
				GCC_WARN_UNUSED_FUNCTION = YES;
				GCC_WARN_UNUSED_VARIABLE = YES;
				IPHONEOS_DEPLOYMENT_TARGET = 9.2;
				MTL_ENABLE_DEBUG_INFO = NO;
				SDKROOT = iphoneos;
				TARGETED_DEVICE_FAMILY = "1,2";
				VALIDATE_PRODUCT = YES;
			};
			name = Release;
		};
		0C1FE2981C57B3C1003434E3 /* Debug */ = {
			isa = XCBuildConfiguration;
			buildSettings = {
				ASSETCATALOG_COMPILER_APPICON_NAME = AppIcon;
				INFOPLIST_FILE = YUCategoryDemo/Info.plist;
				INSTALL_PATH = "$(LOCAL_APPS_DIR)";
				IPHONEOS_DEPLOYMENT_TARGET = 7.0;
				LD_RUNPATH_SEARCH_PATHS = "$(inherited) @executable_path/Frameworks";
				OTHER_LDFLAGS = "";
				PRODUCT_BUNDLE_IDENTIFIER = com.yuzhidu.www.YUCategoryDemo;
				PRODUCT_NAME = "$(TARGET_NAME)";
				SKIP_INSTALL = NO;
			};
			name = Debug;
		};
		0C1FE2991C57B3C1003434E3 /* Release */ = {
			isa = XCBuildConfiguration;
			buildSettings = {
				ASSETCATALOG_COMPILER_APPICON_NAME = AppIcon;
				INFOPLIST_FILE = YUCategoryDemo/Info.plist;
				INSTALL_PATH = "$(LOCAL_APPS_DIR)";
				IPHONEOS_DEPLOYMENT_TARGET = 7.0;
				LD_RUNPATH_SEARCH_PATHS = "$(inherited) @executable_path/Frameworks";
				OTHER_LDFLAGS = "";
				PRODUCT_BUNDLE_IDENTIFIER = com.yuzhidu.www.YUCategoryDemo;
				PRODUCT_NAME = "$(TARGET_NAME)";
				SKIP_INSTALL = NO;
			};
			name = Release;
		};
/* End XCBuildConfiguration section */

/* Begin XCConfigurationList section */
		0C1FE27B1C57B3C1003434E3 /* Build configuration list for PBXProject "YUCategoryDemo" */ = {
			isa = XCConfigurationList;
			buildConfigurations = (
				0C1FE2951C57B3C1003434E3 /* Debug */,
				0C1FE2961C57B3C1003434E3 /* Release */,
			);
			defaultConfigurationIsVisible = 0;
			defaultConfigurationName = Release;
		};
		0C1FE2971C57B3C1003434E3 /* Build configuration list for PBXNativeTarget "YUCategoryDemo" */ = {
			isa = XCConfigurationList;
			buildConfigurations = (
				0C1FE2981C57B3C1003434E3 /* Debug */,
				0C1FE2991C57B3C1003434E3 /* Release */,
			);
			defaultConfigurationIsVisible = 0;
			defaultConfigurationName = Release;
		};
/* End XCConfigurationList section */
	};
	rootObject = 0C1FE2781C57B3C1003434E3 /* Project object */;
}
