// !$*UTF8*$!
{
	archiveVersion = 1;
	classes = {
	};
	objectVersion = 46;
	objects = {

/* Begin PBXBuildFile section */
		0C1FE2851C57B3C1003434E3 /* main.m in Sources */ = {isa = PBXBuildFile; fileRef = 0C1FE2841C57B3C1003434E3 /* main.m */; };
		0C1FE2881C57B3C1003434E3 /* AppDelegate.m in Sources */ = {isa = PBXBuildFile; fileRef = 0C1FE2871C57B3C1003434E3 /* AppDelegate.m */; };
		0C1FE28B1C57B3C1003434E3 /* ViewController.m in Sources */ = {isa = PBXBuildFile; fileRef = 0C1FE28A1C57B3C1003434E3 /* ViewController.m */; };
		0C1FE28E1C57B3C1003434E3 /* Main.storyboard in Resources */ = {isa = PBXBuildFile; fileRef = 0C1FE28C1C57B3C1003434E3 /* Main.storyboard */; };
		0C1FE2901C57B3C1003434E3 /* Assets.xcassets in Resources */ = {isa = PBXBuildFile; fileRef = 0C1FE28F1C57B3C1003434E3 /* Assets.xcassets */; };
		0C1FE2931C57B3C1003434E3 /* LaunchScreen.storyboard in Resources */ = {isa = PBXBuildFile; fileRef = 0C1FE2911C57B3C1003434E3 /* LaunchScreen.storyboard */; };
		0C4EB7C91C57B44C00009C29 /* NSArray+YU_NSLog.m in Sources */ = {isa = PBXBuildFile; fileRef = 0C4EB7B71C57B44C00009C29 /* NSArray+YU_NSLog.m */; };
		0C4EB7CA1C57B44C00009C29 /* NSDate+YU_Extension.m in Sources */ = {isa = PBXBuildFile; fileRef = 0C4EB7B91C57B44C00009C29 /* NSDate+YU_Extension.m */; };
		0C4EB7CB1C57B44C00009C29 /* NSString+YU_Base.m in Sources */ = {isa = PBXBuildFile; fileRef = 0C4EB7BB1C57B44C00009C29 /* NSString+YU_Base.m */; };
		0C4EB7CC1C57B44C00009C29 /* NSString+YU_Check.m in Sources */ = {isa = PBXBuildFile; fileRef = 0C4EB7BD1C57B44C00009C29 /* NSString+YU_Check.m */; };
		0C4EB7CD1C57B44C00009C29 /* NSString+YU_Hash.m in Sources */ = {isa = PBXBuildFile; fileRef = 0C4EB7BF1C57B44C00009C29 /* NSString+YU_Hash.m */; };
		0C4EB7CE1C57B44C00009C29 /* NSString+YU_Path.m in Sources */ = {isa = PBXBuildFile; fileRef = 0C4EB7C11C57B44C00009C29 /* NSString+YU_Path.m */; };
		0C4EB7CF1C57B44C00009C29 /* NSString+YU_Regex.m in Sources */ = {isa = PBXBuildFile; fileRef = 0C4EB7C31C57B44C00009C29 /* NSString+YU_Regex.m */; };
		0C4EB7D01C57B44C00009C29 /* UIView+YU_frame.m in Sources */ = {isa = PBXBuildFile; fileRef = 0C4EB7C51C57B44C00009C29 /* UIView+YU_frame.m */; };
		6A7EC6B31C5A1B2B00AE4A54 /* NSAttributedString+YU_Size.m in Sources */ = {isa = PBXBuildFile; fileRef = 6A7EC6B01C5A1B2B00AE4A54 /* NSAttributedString+YU_Size.m */; };
		6A7EC6B41C5A1B2B00AE4A54 /* UIImage+YU_handleImage.m in Sources */ = {isa = PBXBuildFile; fileRef = 6A7EC6B21C5A1B2B00AE4A54 /* UIImage+YU_handleImage.m */; };
		6A86945C1C58C98D00442B7C /* UILabel+YU_textSize.m in Sources */ = {isa = PBXBuildFile; fileRef = 6A8694571C58C98D00442B7C /* UILabel+YU_textSize.m */; };
		6A86945D1C58C98D00442B7C /* NSString+YU_Size.m in Sources */ = {isa = PBXBuildFile; fileRef = 6A8694591C58C98D00442B7C /* NSString+YU_Size.m */; };
		6A86945E1C58C98D00442B7C /* NSObject+YU_deleteFile.m in Sources */ = {isa = PBXBuildFile; fileRef = 6A86945B1C58C98D00442B7C /* NSObject+YU_deleteFile.m */; };
		6A8694601C58CA3700442B7C /* CoreGraphics.framework in Frameworks */ = {isa = PBXBuildFile; fileRef = 6A86945F1C58CA3700442B7C /* CoreGraphics.framework */; };
/* End PBXBuildFile section */

/* Begin PBXFileReference section */
		0C1FE2801C57B3C1003434E3 /* YUCategoryDemo.app */ = {isa = PBXFileReference; explicitFileType = wrapper.application; includeInIndex = 0; path = YUCategoryDemo.app; sourceTree = BUILT_PRODUCTS_DIR; };
		0C1FE2841C57B3C1003434E3 /* main.m */ = {isa = PBXFileReference; lastKnownFileType = sourcecode.c.objc; path = main.m; sourceTree = "<group>"; };
		0C1FE2861C57B3C1003434E3 /* AppDelegate.h */ = {isa = PBXFileReference; lastKnownFileType = sourcecode.c.h; path = AppDelegate.h; sourceTree = "<group>"; };
		0C1FE2871C57B3C1003434E3 /* AppDelegate.m */ = {isa = PBXFileReference; lastKnownFileType = sourcecode.c.objc; path = AppDelegate.m; sourceTree = "<group>"; };
		0C1FE2891C57B3C1003434E3 /* ViewController.h */ = {isa = PBXFileReference; lastKnownFileType = sourcecode.c.h; path = ViewController.h; sourceTree = "<group>"; };
		0C1FE28A1C57B3C1003434E3 /* ViewController.m */ = {isa = PBXFileReference; lastKnownFileType = sourcecode.c.objc; path = ViewController.m; sourceTree = "<group>"; };
		0C1FE28D1C57B3C1003434E3 /* Base */ = {isa = PBXFileReference; lastKnownFileType = file.storyboard; name = Base; path = Base.lproj/Main.storyboard; sourceTree = "<group>"; };
		0C1FE28F1C57B3C1003434E3 /* Assets.xcassets */ = {isa = PBXFileReference; lastKnownFileType = folder.assetcatalog; path = Assets.xcassets; sourceTree = "<group>"; };
		0C1FE2921C57B3C1003434E3 /* Base */ = {isa = PBXFileReference; lastKnownFileType = file.storyboard; name = Base; path = Base.lproj/LaunchScreen.storyboard; sourceTree = "<group>"; };
		0C1FE2941C57B3C1003434E3 /* Info.plist */ = {isa = PBXFileReference; lastKnownFileType = text.plist.xml; path = Info.plist; sourceTree = "<group>"; };
		0C4EB7B61C57B44C00009C29 /* NSArray+YU_NSLog.h */ = {isa = PBXFileReference; fileEncoding = 4; lastKnownFileType = sourcecode.c.h; path = "NSArray+YU_NSLog.h"; sourceTree = "<group>"; };
		0C4EB7B71C57B44C00009C29 /* NSArray+YU_NSLog.m */ = {isa = PBXFileReference; fileEncoding = 4; lastKnownFileType = sourcecode.c.objc; path = "NSArray+YU_NSLog.m"; sourceTree = "<group>"; };
		0C4EB7B81C57B44C00009C29 /* NSDate+YU_Extension.h */ = {isa = PBXFileReference; fileEncoding = 4; lastKnownFileType = sourcecode.c.h; path = "NSDate+YU_Extension.h"; sourceTree = "<group>"; };
		0C4EB7B91C57B44C00009C29 /* NSDate+YU_Extension.m */ = {isa = PBXFileReference; fileEncoding = 4; lastKnownFileType = sourcecode.c.objc; path = "NSDate+YU_Extension.m"; sourceTree = "<group>"; };
		0C4EB7BA1C57B44C00009C29 /* NSString+YU_Base.h */ = {isa = PBXFileReference; fileEncoding = 4; lastKnownFileType = sourcecode.c.h; path = "NSString+YU_Base.h"; sourceTree = "<group>"; };
		0C4EB7BB1C57B44C00009C29 /* NSString+YU_Base.m */ = {isa = PBXFileReference; fileEncoding = 4; lastKnownFileType = sourcecode.c.objc; path = "NSString+YU_Base.m"; sourceTree = "<group>"; };
		0C4EB7BC1C57B44C00009C29 /* NSString+YU_Check.h */ = {isa = PBXFileReference; fileEncoding = 4; lastKnownFileType = sourcecode.c.h; path = "NSString+YU_Check.h"; sourceTree = "<group>"; };
		0C4EB7BD1C57B44C00009C29 /* NSString+YU_Check.m */ = {isa = PBXFileReference; fileEncoding = 4; lastKnownFileType = sourcecode.c.objc; path = "NSString+YU_Check.m"; sourceTree = "<group>"; };
		0C4EB7BE1C57B44C00009C29 /* NSString+YU_Hash.h */ = {isa = PBXFileReference; fileEncoding = 4; lastKnownFileType = sourcecode.c.h; path = "NSString+YU_Hash.h"; sourceTree = "<group>"; };
		0C4EB7BF1C57B44C00009C29 /* NSString+YU_Hash.m */ = {isa = PBXFileReference; fileEncoding = 4; lastKnownFileType = sourcecode.c.objc; path = "NSString+YU_Hash.m"; sourceTree = "<group>"; };
		0C4EB7C01C57B44C00009C29 /* NSString+YU_Path.h */ = {isa = PBXFileReference; fileEncoding = 4; lastKnownFileType = sourcecode.c.h; path = "NSString+YU_Path.h"; sourceTree = "<group>"; };
		0C4EB7C11C57B44C00009C29 /* NSString+YU_Path.m */ = {isa = PBXFileReference; fileEncoding = 4; lastKnownFileType = sourcecode.c.objc; path = "NSString+YU_Path.m"; sourceTree = "<group>"; };
		0C4EB7C21C57B44C00009C29 /* NSString+YU_Regex.h */ = {isa = PBXFileReference; fileEncoding = 4; lastKnownFileType = sourcecode.c.h; path = "NSString+YU_Regex.h"; sourceTree = "<group>"; };
		0C4EB7C31C57B44C00009C29 /* NSString+YU_Regex.m */ = {isa = PBXFileReference; fileEncoding = 4; lastKnownFileType = sourcecode.c.objc; path = "NSString+YU_Regex.m"; sourceTree = "<group>"; };
		0C4EB7C41C57B44C00009C29 /* UIView+YU_frame.h */ = {isa = PBXFileReference; fileEncoding = 4; lastKnownFileType = sourcecode.c.h; path = "UIView+YU_frame.h"; sourceTree = "<group>"; };
		0C4EB7C51C57B44C00009C29 /* UIView+YU_frame.m */ = {isa = PBXFileReference; fileEncoding = 4; lastKnownFileType = sourcecode.c.objc; path = "UIView+YU_frame.m"; sourceTree = "<group>"; };
		0C4EB7C81C57B44C00009C29 /* YUCategory.h */ = {isa = PBXFileReference; fileEncoding = 4; lastKnownFileType = sourcecode.c.h; path = YUCategory.h; sourceTree = "<group>"; };
		6A7EC6AF1C5A1B2B00AE4A54 /* NSAttributedString+YU_Size.h */ = {isa = PBXFileReference; fileEncoding = 4; lastKnownFileType = sourcecode.c.h; path = "NSAttributedString+YU_Size.h"; sourceTree = "<group>"; };
		6A7EC6B01C5A1B2B00AE4A54 /* NSAttributedString+YU_Size.m */ = {isa = PBXFileReference; fileEncoding = 4; lastKnownFileType = sourcecode.c.objc; path = "NSAttributedString+YU_Size.m"; sourceTree = "<group>"; };
		6A7EC6B11C5A1B2B00AE4A54 /* UIImage+YU_handleImage.h */ = {isa = PBXFileReference; fileEncoding = 4; lastKnownFileType = sourcecode.c.h; path = "UIImage+YU_handleImage.h"; sourceTree = "<group>"; };
		6A7EC6B21C5A1B2B00AE4A54 /* UIImage+YU_handleImage.m */ = {isa = PBXFileReference; fileEncoding = 4; lastKnownFileType = sourcecode.c.objc; path = "UIImage+YU_handleImage.m"; sourceTree = "<group>"; };
		6A8694561C58C98D00442B7C /* NSObject+YU_deleteFile.h */ = {isa = PBXFileReference; fileEncoding = 4; lastKnownFileType = sourcecode.c.h; path = "NSObject+YU_deleteFile.h"; sourceTree = "<group>"; };
		6A8694571C58C98D00442B7C /* UILabel+YU_textSize.m */ = {isa = PBXFileReference; fileEncoding = 4; lastKnownFileType = sourcecode.c.objc; path = "UILabel+YU_textSize.m"; sourceTree = "<group>"; };
		6A8694581C58C98D00442B7C /* UILabel+YU_textSize.h */ = {isa = PBXFileReference; fileEncoding = 4; lastKnownFileType = sourcecode.c.h; path = "UILabel+YU_textSize.h"; sourceTree = "<group>"; };
		6A8694591C58C98D00442B7C /* NSString+YU_Size.m */ = {isa = PBXFileReference; fileEncoding = 4; lastKnownFileType = sourcecode.c.objc; path = "NSString+YU_Size.m"; sourceTree = "<group>"; };
		6A86945A1C58C98D00442B7C /* NSString+YU_Size.h */ = {isa = PBXFileReference; fileEncoding = 4; lastKnownFileType = sourcecode.c.h; path = "NSString+YU_Size.h"; sourceTree = "<group>"; };
		6A86945B1C58C98D00442B7C /* NSObject+YU_deleteFile.m */ = {isa = PBXFileReference; fileEncoding = 4; lastKnownFileType = sourcecode.c.objc; path = "NSObject+YU_deleteFile.m"; sourceTree = "<group>"; };
		6A86945F1C58CA3700442B7C /* CoreGraphics.framework */ = {isa = PBXFileReference; lastKnownFileType = wrapper.framework; name = CoreGraphics.framework; path = System/Library/Frameworks/CoreGraphics.framework; sourceTree = SDKROOT; };
/* End PBXFileReference section */

/* Begin PBXFrameworksBuildPhase section */
		0C1FE27D1C57B3C1003434E3 /* Frameworks */ = {
			isa = PBXFrameworksBuildPhase;
			buildActionMask = 2147483647;
			files = (
				6A8694601C58CA3700442B7C /* CoreGraphics.framework in Frameworks */,
			);
			runOnlyForDeploymentPostprocessing = 0;
		};
/* End PBXFrameworksBuildPhase section */

/* Begin PBXGroup section */
		0C1FE2771C57B3C1003434E3 = {
			isa = PBXGroup;
			children = (
				6A86945F1C58CA3700442B7C /* CoreGraphics.framework */,
				0C1FE2821C57B3C1003434E3 /* YUCategoryDemo */,
				0C1FE2811C57B3C1003434E3 /* Products */,
			);
			sourceTree = "<group>";
		};
		0C1FE2811C57B3C1003434E3 /* Products */ = {
			isa = PBXGroup;
			children = (
				0C1FE2801C57B3C1003434E3 /* YUCategoryDemo.app */,
			);
			name = Products;
			sourceTree = "<group>";
		};
		0C1FE2821C57B3C1003434E3 /* YUCategoryDemo */ = {
			isa = PBXGroup;
			children = (
				0C4EB7B51C57B44C00009C29 /* YUCategory */,
				0C1FE2861C57B3C1003434E3 /* AppDelegate.h */,
				0C1FE2871C57B3C1003434E3 /* AppDelegate.m */,
				0C1FE2891C57B3C1003434E3 /* ViewController.h */,
				0C1FE28A1C57B3C1003434E3 /* ViewController.m */,
				0C1FE28C1C57B3C1003434E3 /* Main.storyboard */,
				0C1FE28F1C57B3C1003434E3 /* Assets.xcassets */,
				0C1FE2911C57B3C1003434E3 /* LaunchScreen.storyboard */,
				0C1FE2941C57B3C1003434E3 /* Info.plist */,
				0C1FE2831C57B3C1003434E3 /* Supporting Files */,
			);
			path = YUCategoryDemo;
			sourceTree = "<group>";
		};
		0C1FE2831C57B3C1003434E3 /* Supporting Files */ = {
			isa = PBXGroup;
			children = (
				0C1FE2841C57B3C1003434E3 /* main.m */,
			);
			name = "Supporting Files";
			sourceTree = "<group>";
		};
		0C4EB7B51C57B44C00009C29 /* YUCategory */ = {
			isa = PBXGroup;
			children = (
				0C4EB7B61C57B44C00009C29 /* NSArray+YU_NSLog.h */,
				0C4EB7B71C57B44C00009C29 /* NSArray+YU_NSLog.m */,
				0C4EB7B81C57B44C00009C29 /* NSDate+YU_Extension.h */,
				0C4EB7B91C57B44C00009C29 /* NSDate+YU_Extension.m */,
				0C4EB7BA1C57B44C00009C29 /* NSString+YU_Base.h */,
				0C4EB7BB1C57B44C00009C29 /* NSString+YU_Base.m */,
				0C4EB7BC1C57B44C00009C29 /* NSString+YU_Check.h */,
				0C4EB7BD1C57B44C00009C29 /* NSString+YU_Check.m */,
				0C4EB7BE1C57B44C00009C29 /* NSString+YU_Hash.h */,
				0C4EB7BF1C57B44C00009C29 /* NSString+YU_Hash.m */,
				0C4EB7C01C57B44C00009C29 /* NSString+YU_Path.h */,
				0C4EB7C11C57B44C00009C29 /* NSString+YU_Path.m */,
				0C4EB7C21C57B44C00009C29 /* NSString+YU_Regex.h */,
				0C4EB7C31C57B44C00009C29 /* NSString+YU_Regex.m */,
				6A86945A1C58C98D00442B7C /* NSString+YU_Size.h */,
				6A8694591C58C98D00442B7C /* NSString+YU_Size.m */,
				6A8694561C58C98D00442B7C /* NSObject+YU_deleteFile.h */,
				6A86945B1C58C98D00442B7C /* NSObject+YU_deleteFile.m */,
				0C4EB7C41C57B44C00009C29 /* UIView+YU_frame.h */,
				0C4EB7C51C57B44C00009C29 /* UIView+YU_frame.m */,
				6A7EC6AF1C5A1B2B00AE4A54 /* NSAttributedString+YU_Size.h */,
				6A7EC6B01C5A1B2B00AE4A54 /* NSAttributedString+YU_Size.m */,
				6A7EC6B11C5A1B2B00AE4A54 /* UIImage+YU_handleImage.h */,
				6A7EC6B21C5A1B2B00AE4A54 /* UIImage+YU_handleImage.m */,
				6A8694571C58C98D00442B7C /* UILabel+YU_textSize.m */,
				6A8694581C58C98D00442B7C /* UILabel+YU_textSize.h */,
				0C4EB7C81C57B44C00009C29 /* YUCategory.h */,
			);
			path = YUCategory;
			sourceTree = SOURCE_ROOT;
		};
/* End PBXGroup section */

/* Begin PBXNativeTarget section */
		0C1FE27F1C57B3C1003434E3 /* YUCategoryDemo */ = {
			isa = PBXNativeTarget;
			buildConfigurationList = 0C1FE2971C57B3C1003434E3 /* Build configuration list for PBXNativeTarget "YUCategoryDemo" */;
			buildPhases = (
				0C1FE27C1C57B3C1003434E3 /* Sources */,
				0C1FE27D1C57B3C1003434E3 /* Frameworks */,
				0C1FE27E1C57B3C1003434E3 /* Resources */,
			);
			buildRules = (
			);
			dependencies = (
			);
			name = YUCategoryDemo;
			productName = YUCategoryDemo;
			productReference = 0C1FE2801C57B3C1003434E3 /* YUCategoryDemo.app */;
			productType = "com.apple.product-type.application";
		};
/* End PBXNativeTarget section */

/* Begin PBXProject section */
		0C1FE2781C57B3C1003434E3 /* Project object */ = {
			isa = PBXProject;
			attributes = {
				LastUpgradeCheck = 0720;
				ORGANIZATIONNAME = mayubo;
				TargetAttributes = {
					0C1FE27F1C57B3C1003434E3 = {
						CreatedOnToolsVersion = 7.2;
					};
				};
			};
			buildConfigurationList = 0C1FE27B1C57B3C1003434E3 /* Build configuration list for PBXProject "YUCategoryDemo" */;
			compatibilityVersion = "Xcode 3.2";
			developmentRegion = English;
			hasScannedForEncodings = 0;
			knownRegions = (
				en,
				Base,
			);
			mainGroup = 0C1FE2771C57B3C1003434E3;
			productRefGroup = 0C1FE2811C57B3C1003434E3 /* Products */;
			projectDirPath = "";
			projectRoot = "";
			targets = (
				0C1FE27F1C57B3C1003434E3 /* YUCategoryDemo */,
			);
		};
/* End PBXProject section */

/* Begin PBXResourcesBuildPhase section */
		0C1FE27E1C57B3C1003434E3 /* Resources */ = {
			isa = PBXResourcesBuildPhase;
			buildActionMask = 2147483647;
			files = (
				0C1FE2931C57B3C1003434E3 /* LaunchScreen.storyboard in Resources */,
				0C1FE2901C57B3C1003434E3 /* Assets.xcassets in Resources */,
				0C1FE28E1C57B3C1003434E3 /* Main.storyboard in Resources */,
			);
			runOnlyForDeploymentPostprocessing = 0;
		};
/* End PBXResourcesBuildPhase section */

/* Begin PBXSourcesBuildPhase section */
		0C1FE27C1C57B3C1003434E3 /* Sources */ = {
			isa = PBXSourcesBuildPhase;
			buildActionMask = 2147483647;
			files = (
				0C4EB7CB1C57B44C00009C29 /* NSString+YU_Base.m in Sources */,
				0C4EB7CF1C57B44C00009C29 /* NSString+YU_Regex.m in Sources */,
				6A86945C1C58C98D00442B7C /* UILabel+YU_textSize.m in Sources */,
				0C4EB7CD1C57B44C00009C29 /* NSString+YU_Hash.m in Sources */,
				0C4EB7C91C57B44C00009C29 /* NSArray+YU_NSLog.m in Sources */,
				0C4EB7CA1C57B44C00009C29 /* NSDate+YU_Extension.m in Sources */,
				6A86945D1C58C98D00442B7C /* NSString+YU_Size.m in Sources */,
				0C1FE28B1C57B3C1003434E3 /* ViewController.m in Sources */,
				6A86945E1C58C98D00442B7C /* NSObject+YU_deleteFile.m in Sources */,
				0C4EB7CC1C57B44C00009C29 /* NSString+YU_Check.m in Sources */,
				0C4EB7D01C57B44C00009C29 /* UIView+YU_frame.m in Sources */,
				6A7EC6B41C5A1B2B00AE4A54 /* UIImage+YU_handleImage.m in Sources */,
				0C4EB7CE1C57B44C00009C29 /* NSString+YU_Path.m in Sources */,
				0C1FE2881C57B3C1003434E3 /* AppDelegate.m in Sources */,
				0C1FE2851C57B3C1003434E3 /* main.m in Sources */,
				6A7EC6B31C5A1B2B00AE4A54 /* NSAttributedString+YU_Size.m in Sources */,
			);
			runOnlyForDeploymentPostprocessing = 0;
		};
/* End PBXSourcesBuildPhase section */

/* Begin PBXVariantGroup section */
		0C1FE28C1C57B3C1003434E3 /* Main.storyboard */ = {
			isa = PBXVariantGroup;
			children = (
				0C1FE28D1C57B3C1003434E3 /* Base */,
			);
			name = Main.storyboard;
			sourceTree = "<group>";
		};
		0C1FE2911C57B3C1003434E3 /* LaunchScreen.storyboard */ = {
			isa = PBXVariantGroup;
			children = (
				0C1FE2921C57B3C1003434E3 /* Base */,
			);
			name = LaunchScreen.storyboard;
			sourceTree = "<group>";
		};
/* End PBXVariantGroup section */

/* Begin XCBuildConfiguration section */
		0C1FE2951C57B3C1003434E3 /* Debug */ = {
			isa = XCBuildConfiguration;
			buildSettings = {
				ALWAYS_SEARCH_USER_PATHS = NO;
				CLANG_CXX_LANGUAGE_STANDARD = "gnu++0x";
				CLANG_CXX_LIBRARY = "libc++";
				CLANG_ENABLE_MODULES = YES;
				CLANG_ENABLE_OBJC_ARC = YES;
				CLANG_WARN_BOOL_CONVERSION = YES;
				CLANG_WARN_CONSTANT_CONVERSION = YES;
				CLANG_WARN_DIRECT_OBJC_ISA_USAGE = YES_ERROR;
				CLANG_WARN_EMPTY_BODY = YES;
				CLANG_WARN_ENUM_CONVERSION = YES;
				CLANG_WARN_INT_CONVERSION = YES;
				CLANG_WARN_OBJC_ROOT_CLASS = YES_ERROR;
				CLANG_WARN_UNREACHABLE_CODE = YES;
				CLANG_WARN__DUPLICATE_METHOD_MATCH = YES;
				"CODE_SIGN_IDENTITY[sdk=iphoneos*]" = "iPhone Developer";
				COPY_PHASE_STRIP = NO;
				DEBUG_INFORMATION_FORMAT = dwarf;
				ENABLE_STRICT_OBJC_MSGSEND = YES;
				ENABLE_TESTABILITY = YES;
				GCC_C_LANGUAGE_STANDARD = gnu99;
				GCC_DYNAMIC_NO_PIC = NO;
				GCC_NO_COMMON_BLOCKS = YES;
				GCC_OPTIMIZATION_LEVEL = 0;
				GCC_PREPROCESSOR_DEFINITIONS = (
					"DEBUG=1",
					"$(inherited)",
				);
				GCC_WARN_64_TO_32_BIT_CONVERSION = YES;
				GCC_WARN_ABOUT_RETURN_TYPE = YES_ERROR;
				GCC_WARN_UNDECLARED_SELECTOR = YES;
				GCC_WARN_UNINITIALIZED_AUTOS = YES_AGGRESSIVE;
				GCC_WARN_UNUSED_FUNCTION = YES;
				GCC_WARN_UNUSED_VARIABLE = YES;
				IPHONEOS_DEPLOYMENT_TARGET = 9.2;
				MTL_ENABLE_DEBUG_INFO = YES;
				ONLY_ACTIVE_ARCH = YES;
				SDKROOT = iphoneos;
				TARGETED_DEVICE_FAMILY = "1,2";
			};
			name = Debug;
		};
		0C1FE2961C57B3C1003434E3 /* Release */ = {
			isa = XCBuildConfiguration;
			buildSettings = {
				ALWAYS_SEARCH_USER_PATHS = NO;
				CLANG_CXX_LANGUAGE_STANDARD = "gnu++0x";
				CLANG_CXX_LIBRARY = "libc++";
				CLANG_ENABLE_MODULES = YES;
				CLANG_ENABLE_OBJC_ARC = YES;
				CLANG_WARN_BOOL_CONVERSION = YES;
				CLANG_WARN_CONSTANT_CONVERSION = YES;
				CLANG_WARN_DIRECT_OBJC_ISA_USAGE = YES_ERROR;
				CLANG_WARN_EMPTY_BODY = YES;
				CLANG_WARN_ENUM_CONVERSION = YES;
				CLANG_WARN_INT_CONVERSION = YES;
				CLANG_WARN_OBJC_ROOT_CLASS = YES_ERROR;
				CLANG_WARN_UNREACHABLE_CODE = YES;
				CLANG_WARN__DUPLICATE_METHOD_MATCH = YES;
				"CODE_SIGN_IDENTITY[sdk=iphoneos*]" = "iPhone Developer";
				COPY_PHASE_STRIP = NO;
				DEBUG_INFORMATION_FORMAT = "dwarf-with-dsym";
				ENABLE_NS_ASSERTIONS = NO;
				ENABLE_STRICT_OBJC_MSGSEND = YES;
				GCC_C_LANGUAGE_STANDARD = gnu99;
				GCC_NO_COMMON_BLOCKS = YES;
				GCC_WARN_64_TO_32_BIT_CONVERSION = YES;
				GCC_WARN_ABOUT_RETURN_TYPE = YES_ERROR;
				GCC_WARN_UNDECLARED_SELECTOR = YES;
				GCC_WARN_UNINITIALIZED_AUTOS = YES_AGGRESSIVE;
				GCC_WARN_UNUSED_FUNCTION = YES;
				GCC_WARN_UNUSED_VARIABLE = YES;
				IPHONEOS_DEPLOYMENT_TARGET = 9.2;
				MTL_ENABLE_DEBUG_INFO = NO;
				SDKROOT = iphoneos;
				TARGETED_DEVICE_FAMILY = "1,2";
				VALIDATE_PRODUCT = YES;
			};
			name = Release;
		};
		0C1FE2981C57B3C1003434E3 /* Debug */ = {
			isa = XCBuildConfiguration;
			buildSettings = {
				ASSETCATALOG_COMPILER_APPICON_NAME = AppIcon;
				INFOPLIST_FILE = YUCategoryDemo/Info.plist;
				IPHONEOS_DEPLOYMENT_TARGET = 7.0;
				LD_RUNPATH_SEARCH_PATHS = "$(inherited) @executable_path/Frameworks";
				PRODUCT_BUNDLE_IDENTIFIER = com.yuzhidu.www.YUCategoryDemo;
				PRODUCT_NAME = "$(TARGET_NAME)";
			};
			name = Debug;
		};
		0C1FE2991C57B3C1003434E3 /* Release */ = {
			isa = XCBuildConfiguration;
			buildSettings = {
				ASSETCATALOG_COMPILER_APPICON_NAME = AppIcon;
				INFOPLIST_FILE = YUCategoryDemo/Info.plist;
				IPHONEOS_DEPLOYMENT_TARGET = 7.0;
				LD_RUNPATH_SEARCH_PATHS = "$(inherited) @executable_path/Frameworks";
				PRODUCT_BUNDLE_IDENTIFIER = com.yuzhidu.www.YUCategoryDemo;
				PRODUCT_NAME = "$(TARGET_NAME)";
			};
			name = Release;
		};
/* End XCBuildConfiguration section */

/* Begin XCConfigurationList section */
		0C1FE27B1C57B3C1003434E3 /* Build configuration list for PBXProject "YUCategoryDemo" */ = {
			isa = XCConfigurationList;
			buildConfigurations = (
				0C1FE2951C57B3C1003434E3 /* Debug */,
				0C1FE2961C57B3C1003434E3 /* Release */,
			);
			defaultConfigurationIsVisible = 0;
			defaultConfigurationName = Release;
		};
		0C1FE2971C57B3C1003434E3 /* Build configuration list for PBXNativeTarget "YUCategoryDemo" */ = {
			isa = XCConfigurationList;
			buildConfigurations = (
				0C1FE2981C57B3C1003434E3 /* Debug */,
				0C1FE2991C57B3C1003434E3 /* Release */,
			);
			defaultConfigurationIsVisible = 0;
			defaultConfigurationName = Release;
		};
/* End XCConfigurationList section */
	};
	rootObject = 0C1FE2781C57B3C1003434E3 /* Project object */;
}
